{
  "name": "countly-push",
  "version": "1.0.0",
  "lockfileVersion": 1,
  "requires": true,
  "dependencies": {
    "nan": {
      "version": "2.23.1",
      "resolved": "https://registry.npmjs.org/nan/-/nan-2.23.1.tgz",
      "integrity": "sha512-r7bBUGKzlqk8oPBDYxt6Z0aEdF1G1rwlMcLk8LCOMbOzf0mG+JUfUzG4fIMWwHWP0iyaLWEQZJmtB7nOHEm/qw=="
    }
  }
}
