{
  "name": "countly-push",
  "version": "1.0.0",
  "lockfileVersion": 1,
  "requires": true,
  "dependencies": {
    "nan": {
      "version": "2.22.1",
      "resolved": "https://registry.npmjs.org/nan/-/nan-2.22.1.tgz",
      "integrity": "sha512-pfRR4ZcNTSm2ZFHaztuvbICf+hyiG6ecA06SfAxoPmuHjvMu0KUIae7Y8GyVkbBqeEIidsmXeYooWIX9+qjfRQ=="
    }
  }
}
